
Microsoft Visual Studio Solution File, Format Version 12.00
# Visual Studio 14
VisualStudioVersion = 14.0.25420.1
MinimumVisualStudioVersion = 10.0.40219.1
Project("{FAE04EC0-301F-11D3-BF4B-00C04F79EFBC}") = "AreaCalculator", "AreaCalculator\AreaCalculator.csproj", "{B103C60B-4DB6-4FC5-B1E0-95209348ABC6}"
EndProject
Project("{FAE04EC0-301F-11D3-BF4B-00C04F79EFBC}") = "ConditionalLogic", "ConditionalLogic\ConditionalLogic.csproj", "{1A7AEF27-A3DF-41F2-B96D-5E80F57B647F}"
EndProject
Global
	GlobalSection(SolutionConfigurationPlatforms) = preSolution
		Debug|Any CPU = Debug|Any CPU
		Release|Any CPU = Release|Any CPU
	EndGlobalSection
	GlobalSection(ProjectConfigurationPlatforms) = postSolution
		{B103C60B-4DB6-4FC5-B1E0-95209348ABC6}.Debug|Any CPU.ActiveCfg = Debug|Any CPU
		{B103C60B-4DB6-4FC5-B1E0-95209348ABC6}.Debug|Any CPU.Build.0 = Debug|Any CPU
		{B103C60B-4DB6-4FC5-B1E0-95209348ABC6}.Release|Any CPU.ActiveCfg = Release|Any CPU
		{B103C60B-4DB6-4FC5-B1E0-95209348ABC6}.Release|Any CPU.Build.0 = Release|Any CPU
		{1A7AEF27-A3DF-41F2-B96D-5E80F57B647F}.Debug|Any CPU.ActiveCfg = Debug|Any CPU
		{1A7AEF27-A3DF-41F2-B96D-5E80F57B647F}.Debug|Any CPU.Build.0 = Debug|Any CPU
		{1A7AEF27-A3DF-41F2-B96D-5E80F57B647F}.Release|Any CPU.ActiveCfg = Release|Any CPU
		{1A7AEF27-A3DF-41F2-B96D-5E80F57B647F}.Release|Any CPU.Build.0 = Release|Any CPU
	EndGlobalSection
	GlobalSection(SolutionProperties) = preSolution
		HideSolutionNode = FALSE
	EndGlobalSection
EndGlobal
