
Microsoft Visual Studio Solution File, Format Version 12.00
# Visual Studio 14
VisualStudioVersion = 14.0.25420.1
MinimumVisualStudioVersion = 10.0.40219.1
Project("{FAE04EC0-301F-11D3-BF4B-00C04F79EFBC}") = "AreaCalculator", "AreaCalculator\AreaCalculator.csproj", "{B103C60B-4DB6-4FC5-B1E0-95209348ABC6}"
EndProject
Project("{FAE04EC0-301F-11D3-BF4B-00C04F79EFBC}") = "ConditionalLogic", "ConditionalLogic\ConditionalLogic.csproj", "{1A7AEF27-A3DF-41F2-B96D-5E80F57B647F}"
EndProject
Project("{FAE04EC0-301F-11D3-BF4B-00C04F79EFBC}") = "Iteration", "Iteration\Iteration.csproj", "{B77160F2-2010-486C-99C5-C322816C439D}"
EndProject
Project("{FAE04EC0-301F-11D3-BF4B-00C04F79EFBC}") = "Arrays", "Arrays\Arrays.csproj", "{F7F32BF8-53CA-4564-9363-19A03E3607A9}"
EndProject
Project("{FAE04EC0-301F-11D3-BF4B-00C04F79EFBC}") = "Methods", "Methods\Methods.csproj", "{FDF0AAA8-8842-4FB9-B3A6-B3A555383312}"
EndProject
Project("{FAE04EC0-301F-11D3-BF4B-00C04F79EFBC}") = "Overloading", "Overloading\Overloading.csproj", "{B610381C-BB3B-48E7-8B1A-EB4E26F10674}"
EndProject
Project("{FAE04EC0-301F-11D3-BF4B-00C04F79EFBC}") = "Exceptions", "Exceptions\Exceptions.csproj", "{0D6D64A6-1053-42CB-BB75-FB446AAE4B8B}"
EndProject
Project("{FAE04EC0-301F-11D3-BF4B-00C04F79EFBC}") = "MyFirstGuiApp", "MyFirstGuiApp\MyFirstGuiApp.csproj", "{D28C45C6-D7D0-4872-852A-909CEDD4CB9F}"
EndProject
Project("{FAE04EC0-301F-11D3-BF4B-00C04F79EFBC}") = "ToDoListApp", "ToDoListApp\ToDoListApp.csproj", "{9D270D22-3CD8-46DC-902E-AF13B504E27B}"
EndProject
Project("{FAE04EC0-301F-11D3-BF4B-00C04F79EFBC}") = "SmallGame", "SmallGame\SmallGame.csproj", "{989D3494-6929-4BDD-ABDD-C6200F82BC4A}"
EndProject
Project("{FAE04EC0-301F-11D3-BF4B-00C04F79EFBC}") = "DataCollections", "DataCollections\DataCollections.csproj", "{C94D2F70-332E-40AE-B9E0-D609E95A6F02}"
EndProject
Project("{FAE04EC0-301F-11D3-BF4B-00C04F79EFBC}") = "OpeningWindows", "OpeningWindows\OpeningWindows.csproj", "{3F76ECF0-F6F1-4BE5-A94C-48089D36335E}"
EndProject
Project("{FAE04EC0-301F-11D3-BF4B-00C04F79EFBC}") = "Controlers", "Controlers\Controlers.csproj", "{9056660C-F806-4E98-A465-512C49E9B2D2}"
EndProject
Project("{FAE04EC0-301F-11D3-BF4B-00C04F79EFBC}") = "Threads", "Threads\Threads.csproj", "{C9EADB03-DA7D-440E-92A7-635A1793320C}"
EndProject
Project("{FAE04EC0-301F-11D3-BF4B-00C04F79EFBC}") = "MyWebBrowser", "MyWebBrowser\MyWebBrowser.csproj", "{8E6B1881-A321-42EE-A9BF-62601F4735A1}"
EndProject
Project("{FAE04EC0-301F-11D3-BF4B-00C04F79EFBC}") = "MoreOnUI", "MoreOnUI\MoreOnUI.csproj", "{F4EAE466-B4FB-4440-9B2F-B6BA46A52026}"
EndProject
Project("{FAE04EC0-301F-11D3-BF4B-00C04F79EFBC}") = "AccessingDBS", "AccessingDBS\AccessingDBS.csproj", "{B8DF2042-342A-4CA2-A54B-E38012415616}"
EndProject
Project("{FAE04EC0-301F-11D3-BF4B-00C04F79EFBC}") = "AccessingDBwithSQL", "AccessingDBwithSQL\AccessingDBwithSQL.csproj", "{7E7435A9-CBD5-435E-A77E-8296498CD684}"
EndProject
Project("{FAE04EC0-301F-11D3-BF4B-00C04F79EFBC}") = "WPFApplications", "WPFApplications\WPFApplications.csproj", "{D028FC70-F58A-4B5D-A19D-9F335712FC16}"
EndProject
Project("{FAE04EC0-301F-11D3-BF4B-00C04F79EFBC}") = "UIApplication", "UIApplication\UIApplication.csproj", "{741DFD7E-7808-433A-B7B2-4F3D9A404FFD}"
EndProject
Project("{FAE04EC0-301F-11D3-BF4B-00C04F79EFBC}") = "WPFAnimations", "WPFAnimations\WPFAnimations.csproj", "{EA805B88-0405-4252-8D02-86A1685A994D}"
EndProject
Project("{FAE04EC0-301F-11D3-BF4B-00C04F79EFBC}") = "WebServices", "WebServices\WebServices.csproj", "{F0A6766E-4803-453B-AE88-7F6B7C2554FC}"
EndProject
Project("{FAE04EC0-301F-11D3-BF4B-00C04F79EFBC}") = "CurrencyConverter", "CurrencyConverter\CurrencyConverter.csproj", "{07C8D7D7-7131-4C9A-8E14-3E356E38B737}"
EndProject
Global
	GlobalSection(SolutionConfigurationPlatforms) = preSolution
		Debug|Any CPU = Debug|Any CPU
		Release|Any CPU = Release|Any CPU
	EndGlobalSection
	GlobalSection(ProjectConfigurationPlatforms) = postSolution
		{B103C60B-4DB6-4FC5-B1E0-95209348ABC6}.Debug|Any CPU.ActiveCfg = Debug|Any CPU
		{B103C60B-4DB6-4FC5-B1E0-95209348ABC6}.Debug|Any CPU.Build.0 = Debug|Any CPU
		{B103C60B-4DB6-4FC5-B1E0-95209348ABC6}.Release|Any CPU.ActiveCfg = Release|Any CPU
		{B103C60B-4DB6-4FC5-B1E0-95209348ABC6}.Release|Any CPU.Build.0 = Release|Any CPU
		{1A7AEF27-A3DF-41F2-B96D-5E80F57B647F}.Debug|Any CPU.ActiveCfg = Debug|Any CPU
		{1A7AEF27-A3DF-41F2-B96D-5E80F57B647F}.Debug|Any CPU.Build.0 = Debug|Any CPU
		{1A7AEF27-A3DF-41F2-B96D-5E80F57B647F}.Release|Any CPU.ActiveCfg = Release|Any CPU
		{1A7AEF27-A3DF-41F2-B96D-5E80F57B647F}.Release|Any CPU.Build.0 = Release|Any CPU
		{B77160F2-2010-486C-99C5-C322816C439D}.Debug|Any CPU.ActiveCfg = Debug|Any CPU
		{B77160F2-2010-486C-99C5-C322816C439D}.Debug|Any CPU.Build.0 = Debug|Any CPU
		{B77160F2-2010-486C-99C5-C322816C439D}.Release|Any CPU.ActiveCfg = Release|Any CPU
		{B77160F2-2010-486C-99C5-C322816C439D}.Release|Any CPU.Build.0 = Release|Any CPU
		{F7F32BF8-53CA-4564-9363-19A03E3607A9}.Debug|Any CPU.ActiveCfg = Debug|Any CPU
		{F7F32BF8-53CA-4564-9363-19A03E3607A9}.Debug|Any CPU.Build.0 = Debug|Any CPU
		{F7F32BF8-53CA-4564-9363-19A03E3607A9}.Release|Any CPU.ActiveCfg = Release|Any CPU
		{F7F32BF8-53CA-4564-9363-19A03E3607A9}.Release|Any CPU.Build.0 = Release|Any CPU
		{FDF0AAA8-8842-4FB9-B3A6-B3A555383312}.Debug|Any CPU.ActiveCfg = Debug|Any CPU
		{FDF0AAA8-8842-4FB9-B3A6-B3A555383312}.Debug|Any CPU.Build.0 = Debug|Any CPU
		{FDF0AAA8-8842-4FB9-B3A6-B3A555383312}.Release|Any CPU.ActiveCfg = Release|Any CPU
		{FDF0AAA8-8842-4FB9-B3A6-B3A555383312}.Release|Any CPU.Build.0 = Release|Any CPU
		{B610381C-BB3B-48E7-8B1A-EB4E26F10674}.Debug|Any CPU.ActiveCfg = Debug|Any CPU
		{B610381C-BB3B-48E7-8B1A-EB4E26F10674}.Debug|Any CPU.Build.0 = Debug|Any CPU
		{B610381C-BB3B-48E7-8B1A-EB4E26F10674}.Release|Any CPU.ActiveCfg = Release|Any CPU
		{B610381C-BB3B-48E7-8B1A-EB4E26F10674}.Release|Any CPU.Build.0 = Release|Any CPU
		{0D6D64A6-1053-42CB-BB75-FB446AAE4B8B}.Debug|Any CPU.ActiveCfg = Debug|Any CPU
		{0D6D64A6-1053-42CB-BB75-FB446AAE4B8B}.Debug|Any CPU.Build.0 = Debug|Any CPU
		{0D6D64A6-1053-42CB-BB75-FB446AAE4B8B}.Release|Any CPU.ActiveCfg = Release|Any CPU
		{0D6D64A6-1053-42CB-BB75-FB446AAE4B8B}.Release|Any CPU.Build.0 = Release|Any CPU
		{D28C45C6-D7D0-4872-852A-909CEDD4CB9F}.Debug|Any CPU.ActiveCfg = Debug|Any CPU
		{D28C45C6-D7D0-4872-852A-909CEDD4CB9F}.Debug|Any CPU.Build.0 = Debug|Any CPU
		{D28C45C6-D7D0-4872-852A-909CEDD4CB9F}.Release|Any CPU.ActiveCfg = Release|Any CPU
		{D28C45C6-D7D0-4872-852A-909CEDD4CB9F}.Release|Any CPU.Build.0 = Release|Any CPU
		{9D270D22-3CD8-46DC-902E-AF13B504E27B}.Debug|Any CPU.ActiveCfg = Debug|Any CPU
		{9D270D22-3CD8-46DC-902E-AF13B504E27B}.Debug|Any CPU.Build.0 = Debug|Any CPU
		{9D270D22-3CD8-46DC-902E-AF13B504E27B}.Release|Any CPU.ActiveCfg = Release|Any CPU
		{9D270D22-3CD8-46DC-902E-AF13B504E27B}.Release|Any CPU.Build.0 = Release|Any CPU
		{989D3494-6929-4BDD-ABDD-C6200F82BC4A}.Debug|Any CPU.ActiveCfg = Debug|Any CPU
		{989D3494-6929-4BDD-ABDD-C6200F82BC4A}.Debug|Any CPU.Build.0 = Debug|Any CPU
		{989D3494-6929-4BDD-ABDD-C6200F82BC4A}.Release|Any CPU.ActiveCfg = Release|Any CPU
		{989D3494-6929-4BDD-ABDD-C6200F82BC4A}.Release|Any CPU.Build.0 = Release|Any CPU
		{C94D2F70-332E-40AE-B9E0-D609E95A6F02}.Debug|Any CPU.ActiveCfg = Debug|Any CPU
		{C94D2F70-332E-40AE-B9E0-D609E95A6F02}.Debug|Any CPU.Build.0 = Debug|Any CPU
		{C94D2F70-332E-40AE-B9E0-D609E95A6F02}.Release|Any CPU.ActiveCfg = Release|Any CPU
		{C94D2F70-332E-40AE-B9E0-D609E95A6F02}.Release|Any CPU.Build.0 = Release|Any CPU
		{3F76ECF0-F6F1-4BE5-A94C-48089D36335E}.Debug|Any CPU.ActiveCfg = Debug|Any CPU
		{3F76ECF0-F6F1-4BE5-A94C-48089D36335E}.Debug|Any CPU.Build.0 = Debug|Any CPU
		{3F76ECF0-F6F1-4BE5-A94C-48089D36335E}.Release|Any CPU.ActiveCfg = Release|Any CPU
		{3F76ECF0-F6F1-4BE5-A94C-48089D36335E}.Release|Any CPU.Build.0 = Release|Any CPU
		{9056660C-F806-4E98-A465-512C49E9B2D2}.Debug|Any CPU.ActiveCfg = Debug|Any CPU
		{9056660C-F806-4E98-A465-512C49E9B2D2}.Debug|Any CPU.Build.0 = Debug|Any CPU
		{9056660C-F806-4E98-A465-512C49E9B2D2}.Release|Any CPU.ActiveCfg = Release|Any CPU
		{9056660C-F806-4E98-A465-512C49E9B2D2}.Release|Any CPU.Build.0 = Release|Any CPU
		{C9EADB03-DA7D-440E-92A7-635A1793320C}.Debug|Any CPU.ActiveCfg = Debug|Any CPU
		{C9EADB03-DA7D-440E-92A7-635A1793320C}.Debug|Any CPU.Build.0 = Debug|Any CPU
		{C9EADB03-DA7D-440E-92A7-635A1793320C}.Release|Any CPU.ActiveCfg = Release|Any CPU
		{C9EADB03-DA7D-440E-92A7-635A1793320C}.Release|Any CPU.Build.0 = Release|Any CPU
		{8E6B1881-A321-42EE-A9BF-62601F4735A1}.Debug|Any CPU.ActiveCfg = Debug|Any CPU
		{8E6B1881-A321-42EE-A9BF-62601F4735A1}.Debug|Any CPU.Build.0 = Debug|Any CPU
		{8E6B1881-A321-42EE-A9BF-62601F4735A1}.Release|Any CPU.ActiveCfg = Release|Any CPU
		{8E6B1881-A321-42EE-A9BF-62601F4735A1}.Release|Any CPU.Build.0 = Release|Any CPU
		{F4EAE466-B4FB-4440-9B2F-B6BA46A52026}.Debug|Any CPU.ActiveCfg = Debug|Any CPU
		{F4EAE466-B4FB-4440-9B2F-B6BA46A52026}.Debug|Any CPU.Build.0 = Debug|Any CPU
		{F4EAE466-B4FB-4440-9B2F-B6BA46A52026}.Release|Any CPU.ActiveCfg = Release|Any CPU
		{F4EAE466-B4FB-4440-9B2F-B6BA46A52026}.Release|Any CPU.Build.0 = Release|Any CPU
		{B8DF2042-342A-4CA2-A54B-E38012415616}.Debug|Any CPU.ActiveCfg = Debug|Any CPU
		{B8DF2042-342A-4CA2-A54B-E38012415616}.Debug|Any CPU.Build.0 = Debug|Any CPU
		{B8DF2042-342A-4CA2-A54B-E38012415616}.Release|Any CPU.ActiveCfg = Release|Any CPU
		{B8DF2042-342A-4CA2-A54B-E38012415616}.Release|Any CPU.Build.0 = Release|Any CPU
		{7E7435A9-CBD5-435E-A77E-8296498CD684}.Debug|Any CPU.ActiveCfg = Debug|Any CPU
		{7E7435A9-CBD5-435E-A77E-8296498CD684}.Debug|Any CPU.Build.0 = Debug|Any CPU
		{7E7435A9-CBD5-435E-A77E-8296498CD684}.Release|Any CPU.ActiveCfg = Release|Any CPU
		{7E7435A9-CBD5-435E-A77E-8296498CD684}.Release|Any CPU.Build.0 = Release|Any CPU
		{D028FC70-F58A-4B5D-A19D-9F335712FC16}.Debug|Any CPU.ActiveCfg = Debug|Any CPU
		{D028FC70-F58A-4B5D-A19D-9F335712FC16}.Debug|Any CPU.Build.0 = Debug|Any CPU
		{D028FC70-F58A-4B5D-A19D-9F335712FC16}.Release|Any CPU.ActiveCfg = Release|Any CPU
		{D028FC70-F58A-4B5D-A19D-9F335712FC16}.Release|Any CPU.Build.0 = Release|Any CPU
		{741DFD7E-7808-433A-B7B2-4F3D9A404FFD}.Debug|Any CPU.ActiveCfg = Debug|Any CPU
		{741DFD7E-7808-433A-B7B2-4F3D9A404FFD}.Debug|Any CPU.Build.0 = Debug|Any CPU
		{741DFD7E-7808-433A-B7B2-4F3D9A404FFD}.Release|Any CPU.ActiveCfg = Release|Any CPU
		{741DFD7E-7808-433A-B7B2-4F3D9A404FFD}.Release|Any CPU.Build.0 = Release|Any CPU
		{EA805B88-0405-4252-8D02-86A1685A994D}.Debug|Any CPU.ActiveCfg = Debug|Any CPU
		{EA805B88-0405-4252-8D02-86A1685A994D}.Debug|Any CPU.Build.0 = Debug|Any CPU
		{EA805B88-0405-4252-8D02-86A1685A994D}.Release|Any CPU.ActiveCfg = Release|Any CPU
		{EA805B88-0405-4252-8D02-86A1685A994D}.Release|Any CPU.Build.0 = Release|Any CPU
		{F0A6766E-4803-453B-AE88-7F6B7C2554FC}.Debug|Any CPU.ActiveCfg = Debug|Any CPU
		{F0A6766E-4803-453B-AE88-7F6B7C2554FC}.Debug|Any CPU.Build.0 = Debug|Any CPU
		{F0A6766E-4803-453B-AE88-7F6B7C2554FC}.Release|Any CPU.ActiveCfg = Release|Any CPU
		{F0A6766E-4803-453B-AE88-7F6B7C2554FC}.Release|Any CPU.Build.0 = Release|Any CPU
		{07C8D7D7-7131-4C9A-8E14-3E356E38B737}.Debug|Any CPU.ActiveCfg = Debug|Any CPU
		{07C8D7D7-7131-4C9A-8E14-3E356E38B737}.Debug|Any CPU.Build.0 = Debug|Any CPU
		{07C8D7D7-7131-4C9A-8E14-3E356E38B737}.Release|Any CPU.ActiveCfg = Release|Any CPU
		{07C8D7D7-7131-4C9A-8E14-3E356E38B737}.Release|Any CPU.Build.0 = Release|Any CPU
	EndGlobalSection
	GlobalSection(SolutionProperties) = preSolution
		HideSolutionNode = FALSE
	EndGlobalSection
EndGlobal
